
Microsoft Visual Studio Solution File, Format Version 12.00
# Visual Studio Version 16
VisualStudioVersion = 16.0.29319.158
MinimumVisualStudioVersion = 10.0.40219.1
Project("{FAE04EC0-301F-11D3-BF4B-00C04F79EFBC}") = "AsciiArtCombiner", "Ascii Combiner\AsciiArtCombiner.csproj", "{4F3CD948-667A-45F1-9FAF-5CAF155C82DF}"
EndProject
Project("{FAE04EC0-301F-11D3-BF4B-00C04F79EFBC}") = "Library", "Library\Library.csproj", "{3E31E25D-CE5E-4E43-AC34-41CFB3621095}"
EndProject
Global
	GlobalSection(SolutionConfigurationPlatforms) = preSolution
		Debug|Any CPU = Debug|Any CPU
		Release|Any CPU = Release|Any CPU
	EndGlobalSection
	GlobalSection(ProjectConfigurationPlatforms) = postSolution
		{4F3CD948-667A-45F1-9FAF-5CAF155C82DF}.Debug|Any CPU.ActiveCfg = Debug|Any CPU
		{4F3CD948-667A-45F1-9FAF-5CAF155C82DF}.Debug|Any CPU.Build.0 = Debug|Any CPU
		{4F3CD948-667A-45F1-9FAF-5CAF155C82DF}.Release|Any CPU.ActiveCfg = Release|Any CPU
		{4F3CD948-667A-45F1-9FAF-5CAF155C82DF}.Release|Any CPU.Build.0 = Release|Any CPU
		{3E31E25D-CE5E-4E43-AC34-41CFB3621095}.Debug|Any CPU.ActiveCfg = Debug|Any CPU
		{3E31E25D-CE5E-4E43-AC34-41CFB3621095}.Debug|Any CPU.Build.0 = Debug|Any CPU
		{3E31E25D-CE5E-4E43-AC34-41CFB3621095}.Release|Any CPU.ActiveCfg = Release|Any CPU
		{3E31E25D-CE5E-4E43-AC34-41CFB3621095}.Release|Any CPU.Build.0 = Release|Any CPU
	EndGlobalSection
	GlobalSection(SolutionProperties) = preSolution
		HideSolutionNode = FALSE
	EndGlobalSection
	GlobalSection(ExtensibilityGlobals) = postSolution
		SolutionGuid = {ECCB6BA5-C7FB-4E2F-8956-A1835E553487}
	EndGlobalSection
EndGlobal
